
Microsoft Visual Studio Solution File, Format Version 12.00
# Visual Studio Version 16
VisualStudioVersion = 16.0.30114.105
MinimumVisualStudioVersion = 10.0.40219.1
Project("{FAE04EC0-301F-11D3-BF4B-00C04F79EFBC}") = "api", "api\api.csproj", "{082ED8F0-477D-499F-94C6-8502B946A6B2}"
EndProject
Project("{FAE04EC0-301F-11D3-BF4B-00C04F79EFBC}") = "classlib", "classlib\classlib.csproj", "{78EA8235-41A0-430C-B2B6-F68405AE4D41}"
EndProject
Global
	GlobalSection(SolutionConfigurationPlatforms) = preSolution
		Debug|Any CPU = Debug|Any CPU
		Release|Any CPU = Release|Any CPU
	EndGlobalSection
	GlobalSection(SolutionProperties) = preSolution
		HideSolutionNode = FALSE
	EndGlobalSection
	GlobalSection(ProjectConfigurationPlatforms) = postSolution
		{082ED8F0-477D-499F-94C6-8502B946A6B2}.Debug|Any CPU.ActiveCfg = Debug|Any CPU
		{082ED8F0-477D-499F-94C6-8502B946A6B2}.Debug|Any CPU.Build.0 = Debug|Any CPU
		{082ED8F0-477D-499F-94C6-8502B946A6B2}.Release|Any CPU.ActiveCfg = Release|Any CPU
		{082ED8F0-477D-499F-94C6-8502B946A6B2}.Release|Any CPU.Build.0 = Release|Any CPU
		{78EA8235-41A0-430C-B2B6-F68405AE4D41}.Debug|Any CPU.ActiveCfg = Debug|Any CPU
		{78EA8235-41A0-430C-B2B6-F68405AE4D41}.Debug|Any CPU.Build.0 = Debug|Any CPU
		{78EA8235-41A0-430C-B2B6-F68405AE4D41}.Release|Any CPU.ActiveCfg = Release|Any CPU
		{78EA8235-41A0-430C-B2B6-F68405AE4D41}.Release|Any CPU.Build.0 = Release|Any CPU
	EndGlobalSection
EndGlobal
